
Microsoft Visual Studio Solution File, Format Version 12.00
# Visual Studio Version 16
VisualStudioVersion = 16.0.33214.272
MinimumVisualStudioVersion = 10.0.40219.1
Project("{FAE04EC0-301F-11D3-BF4B-00C04F79EFBC}") = "GMapDemo", "GMapDemo\GMapDemo.csproj", "{4B3626CF-56CD-49D5-9324-6EF8024FCE25}"
EndProject
Project("{FAE04EC0-301F-11D3-BF4B-00C04F79EFBC}") = "BingMapDemo", "BingMapDemo\BingMapDemo.csproj", "{EE38DA96-D1A3-4DF6-B56B-7D545E67F703}"
EndProject
Project("{FAE04EC0-301F-11D3-BF4B-00C04F79EFBC}") = "FaceDetectionDemo", "FaceDetectionDemo\FaceDetectionDemo.csproj", "{92138803-D909-4134-A054-D5E877851E38}"
EndProject
Project("{FAE04EC0-301F-11D3-BF4B-00C04F79EFBC}") = "3DDemo", "3DDemo\3DDemo.csproj", "{0CD07C7B-37FF-4E9F-839B-ABF569D752F6}"
EndProject
Project("{FAE04EC0-301F-11D3-BF4B-00C04F79EFBC}") = "3DSimpleDemo", "3DSimpleDemo\3DSimpleDemo.csproj", "{879B4DFA-0287-461A-820F-65F983A33567}"
EndProject
Project("{FAE04EC0-301F-11D3-BF4B-00C04F79EFBC}") = "3DCoreWpfDemo", "3DCoreWpfDemo\3DCoreWpfDemo.csproj", "{08EAFDB9-C595-444E-B31A-E20970943F86}"
EndProject
Project("{FAE04EC0-301F-11D3-BF4B-00C04F79EFBC}") = "OpenCvDemo", "OpenCvDemo\OpenCvDemo.csproj", "{7C7E3F53-04F0-4F29-93B8-045A184AA21F}"
EndProject
Project("{FAE04EC0-301F-11D3-BF4B-00C04F79EFBC}") = "RobotArmDemo", "RobotArmDemo\RobotArmDemo.csproj", "{BFCC4C9D-ABDC-4D46-8431-4842F17B1D4F}"
EndProject
Project("{FAE04EC0-301F-11D3-BF4B-00C04F79EFBC}") = "KeyBoardDemo", "KeyBoardDemo\KeyBoardDemo.csproj", "{B62C7157-D22D-4792-AD47-8314134E260A}"
EndProject
Project("{FAE04EC0-301F-11D3-BF4B-00C04F79EFBC}") = "TermControls", "KeyBoardDemo\TermControls\TermControls.csproj", "{4D17507C-6002-49C6-976C-649588A2677F}"
EndProject
Project("{FAE04EC0-301F-11D3-BF4B-00C04F79EFBC}") = "TcpClientDemo", "TcpClientDemo\TcpClientDemo.csproj", "{40C5DA21-0DCD-4C78-8BC6-FD4EA79BF95B}"
EndProject
Project("{FAE04EC0-301F-11D3-BF4B-00C04F79EFBC}") = "3DTransformDemo", "3DTransformDemo\3DTransformDemo.csproj", "{C5014F71-D775-4A5D-91D4-7A7DC6B2371B}"
EndProject
Project("{FAE04EC0-301F-11D3-BF4B-00C04F79EFBC}") = "3DCubeTransformDemo", "3DCubeTransformDemo\3DCubeTransformDemo.csproj", "{1E076754-7EFE-4264-81FB-C826AD62E112}"
EndProject
Project("{FAE04EC0-301F-11D3-BF4B-00C04F79EFBC}") = "WpfRobot", "WpfRobot\WpfRobot.csproj", "{93020530-3581-4B5B-ACC3-923835ADFFFE}"
EndProject
Project("{FAE04EC0-301F-11D3-BF4B-00C04F79EFBC}") = "StitchImage", "StitchImage\StitchImage.csproj", "{F973E78D-F0C6-4B01-96AE-E4527524B2C2}"
EndProject
Project("{FAE04EC0-301F-11D3-BF4B-00C04F79EFBC}") = "SerialPortDemo", "SerialPortDemo\SerialPortDemo.csproj", "{F4C9C739-E3B1-4D7F-AD00-696A86962DB6}"
EndProject
Project("{FAE04EC0-301F-11D3-BF4B-00C04F79EFBC}") = "ModbusTcpDemo", "ModbusTcpDemo\ModbusTcpDemo.csproj", "{0DB1CBC1-CC98-41CE-AFED-8FA59196F06E}"
EndProject
Global
	GlobalSection(SolutionConfigurationPlatforms) = preSolution
		Debug|Any CPU = Debug|Any CPU
		Debug|x86 = Debug|x86
		Release|Any CPU = Release|Any CPU
		Release|x86 = Release|x86
	EndGlobalSection
	GlobalSection(ProjectConfigurationPlatforms) = postSolution
		{4B3626CF-56CD-49D5-9324-6EF8024FCE25}.Debug|Any CPU.ActiveCfg = Debug|Any CPU
		{4B3626CF-56CD-49D5-9324-6EF8024FCE25}.Debug|Any CPU.Build.0 = Debug|Any CPU
		{4B3626CF-56CD-49D5-9324-6EF8024FCE25}.Debug|x86.ActiveCfg = Debug|Any CPU
		{4B3626CF-56CD-49D5-9324-6EF8024FCE25}.Debug|x86.Build.0 = Debug|Any CPU
		{4B3626CF-56CD-49D5-9324-6EF8024FCE25}.Release|Any CPU.ActiveCfg = Release|Any CPU
		{4B3626CF-56CD-49D5-9324-6EF8024FCE25}.Release|Any CPU.Build.0 = Release|Any CPU
		{4B3626CF-56CD-49D5-9324-6EF8024FCE25}.Release|x86.ActiveCfg = Release|Any CPU
		{4B3626CF-56CD-49D5-9324-6EF8024FCE25}.Release|x86.Build.0 = Release|Any CPU
		{EE38DA96-D1A3-4DF6-B56B-7D545E67F703}.Debug|Any CPU.ActiveCfg = Debug|Any CPU
		{EE38DA96-D1A3-4DF6-B56B-7D545E67F703}.Debug|Any CPU.Build.0 = Debug|Any CPU
		{EE38DA96-D1A3-4DF6-B56B-7D545E67F703}.Debug|x86.ActiveCfg = Debug|Any CPU
		{EE38DA96-D1A3-4DF6-B56B-7D545E67F703}.Debug|x86.Build.0 = Debug|Any CPU
		{EE38DA96-D1A3-4DF6-B56B-7D545E67F703}.Release|Any CPU.ActiveCfg = Release|Any CPU
		{EE38DA96-D1A3-4DF6-B56B-7D545E67F703}.Release|Any CPU.Build.0 = Release|Any CPU
		{EE38DA96-D1A3-4DF6-B56B-7D545E67F703}.Release|x86.ActiveCfg = Release|Any CPU
		{EE38DA96-D1A3-4DF6-B56B-7D545E67F703}.Release|x86.Build.0 = Release|Any CPU
		{92138803-D909-4134-A054-D5E877851E38}.Debug|Any CPU.ActiveCfg = Debug|Any CPU
		{92138803-D909-4134-A054-D5E877851E38}.Debug|Any CPU.Build.0 = Debug|Any CPU
		{92138803-D909-4134-A054-D5E877851E38}.Debug|x86.ActiveCfg = Debug|Any CPU
		{92138803-D909-4134-A054-D5E877851E38}.Debug|x86.Build.0 = Debug|Any CPU
		{92138803-D909-4134-A054-D5E877851E38}.Release|Any CPU.ActiveCfg = Release|Any CPU
		{92138803-D909-4134-A054-D5E877851E38}.Release|Any CPU.Build.0 = Release|Any CPU
		{92138803-D909-4134-A054-D5E877851E38}.Release|x86.ActiveCfg = Release|Any CPU
		{92138803-D909-4134-A054-D5E877851E38}.Release|x86.Build.0 = Release|Any CPU
		{0CD07C7B-37FF-4E9F-839B-ABF569D752F6}.Debug|Any CPU.ActiveCfg = Debug|Any CPU
		{0CD07C7B-37FF-4E9F-839B-ABF569D752F6}.Debug|Any CPU.Build.0 = Debug|Any CPU
		{0CD07C7B-37FF-4E9F-839B-ABF569D752F6}.Debug|x86.ActiveCfg = Debug|Any CPU
		{0CD07C7B-37FF-4E9F-839B-ABF569D752F6}.Debug|x86.Build.0 = Debug|Any CPU
		{0CD07C7B-37FF-4E9F-839B-ABF569D752F6}.Release|Any CPU.ActiveCfg = Release|Any CPU
		{0CD07C7B-37FF-4E9F-839B-ABF569D752F6}.Release|Any CPU.Build.0 = Release|Any CPU
		{0CD07C7B-37FF-4E9F-839B-ABF569D752F6}.Release|x86.ActiveCfg = Release|Any CPU
		{0CD07C7B-37FF-4E9F-839B-ABF569D752F6}.Release|x86.Build.0 = Release|Any CPU
		{879B4DFA-0287-461A-820F-65F983A33567}.Debug|Any CPU.ActiveCfg = Debug|Any CPU
		{879B4DFA-0287-461A-820F-65F983A33567}.Debug|Any CPU.Build.0 = Debug|Any CPU
		{879B4DFA-0287-461A-820F-65F983A33567}.Debug|x86.ActiveCfg = Debug|Any CPU
		{879B4DFA-0287-461A-820F-65F983A33567}.Debug|x86.Build.0 = Debug|Any CPU
		{879B4DFA-0287-461A-820F-65F983A33567}.Release|Any CPU.ActiveCfg = Release|Any CPU
		{879B4DFA-0287-461A-820F-65F983A33567}.Release|Any CPU.Build.0 = Release|Any CPU
		{879B4DFA-0287-461A-820F-65F983A33567}.Release|x86.ActiveCfg = Release|Any CPU
		{879B4DFA-0287-461A-820F-65F983A33567}.Release|x86.Build.0 = Release|Any CPU
		{08EAFDB9-C595-444E-B31A-E20970943F86}.Debug|Any CPU.ActiveCfg = Debug|Any CPU
		{08EAFDB9-C595-444E-B31A-E20970943F86}.Debug|Any CPU.Build.0 = Debug|Any CPU
		{08EAFDB9-C595-444E-B31A-E20970943F86}.Debug|x86.ActiveCfg = Debug|Any CPU
		{08EAFDB9-C595-444E-B31A-E20970943F86}.Debug|x86.Build.0 = Debug|Any CPU
		{08EAFDB9-C595-444E-B31A-E20970943F86}.Release|Any CPU.ActiveCfg = Release|Any CPU
		{08EAFDB9-C595-444E-B31A-E20970943F86}.Release|Any CPU.Build.0 = Release|Any CPU
		{08EAFDB9-C595-444E-B31A-E20970943F86}.Release|x86.ActiveCfg = Release|Any CPU
		{08EAFDB9-C595-444E-B31A-E20970943F86}.Release|x86.Build.0 = Release|Any CPU
		{7C7E3F53-04F0-4F29-93B8-045A184AA21F}.Debug|Any CPU.ActiveCfg = Debug|Any CPU
		{7C7E3F53-04F0-4F29-93B8-045A184AA21F}.Debug|Any CPU.Build.0 = Debug|Any CPU
		{7C7E3F53-04F0-4F29-93B8-045A184AA21F}.Debug|x86.ActiveCfg = Debug|Any CPU
		{7C7E3F53-04F0-4F29-93B8-045A184AA21F}.Debug|x86.Build.0 = Debug|Any CPU
		{7C7E3F53-04F0-4F29-93B8-045A184AA21F}.Release|Any CPU.ActiveCfg = Release|Any CPU
		{7C7E3F53-04F0-4F29-93B8-045A184AA21F}.Release|Any CPU.Build.0 = Release|Any CPU
		{7C7E3F53-04F0-4F29-93B8-045A184AA21F}.Release|x86.ActiveCfg = Release|Any CPU
		{7C7E3F53-04F0-4F29-93B8-045A184AA21F}.Release|x86.Build.0 = Release|Any CPU
		{BFCC4C9D-ABDC-4D46-8431-4842F17B1D4F}.Debug|Any CPU.ActiveCfg = Debug|Any CPU
		{BFCC4C9D-ABDC-4D46-8431-4842F17B1D4F}.Debug|Any CPU.Build.0 = Debug|Any CPU
		{BFCC4C9D-ABDC-4D46-8431-4842F17B1D4F}.Debug|x86.ActiveCfg = Debug|Any CPU
		{BFCC4C9D-ABDC-4D46-8431-4842F17B1D4F}.Debug|x86.Build.0 = Debug|Any CPU
		{BFCC4C9D-ABDC-4D46-8431-4842F17B1D4F}.Release|Any CPU.ActiveCfg = Release|Any CPU
		{BFCC4C9D-ABDC-4D46-8431-4842F17B1D4F}.Release|Any CPU.Build.0 = Release|Any CPU
		{BFCC4C9D-ABDC-4D46-8431-4842F17B1D4F}.Release|x86.ActiveCfg = Release|Any CPU
		{BFCC4C9D-ABDC-4D46-8431-4842F17B1D4F}.Release|x86.Build.0 = Release|Any CPU
		{B62C7157-D22D-4792-AD47-8314134E260A}.Debug|Any CPU.ActiveCfg = Debug|Any CPU
		{B62C7157-D22D-4792-AD47-8314134E260A}.Debug|Any CPU.Build.0 = Debug|Any CPU
		{B62C7157-D22D-4792-AD47-8314134E260A}.Debug|x86.ActiveCfg = Debug|Any CPU
		{B62C7157-D22D-4792-AD47-8314134E260A}.Debug|x86.Build.0 = Debug|Any CPU
		{B62C7157-D22D-4792-AD47-8314134E260A}.Release|Any CPU.ActiveCfg = Release|Any CPU
		{B62C7157-D22D-4792-AD47-8314134E260A}.Release|Any CPU.Build.0 = Release|Any CPU
		{B62C7157-D22D-4792-AD47-8314134E260A}.Release|x86.ActiveCfg = Release|Any CPU
		{B62C7157-D22D-4792-AD47-8314134E260A}.Release|x86.Build.0 = Release|Any CPU
		{4D17507C-6002-49C6-976C-649588A2677F}.Debug|Any CPU.ActiveCfg = Debug|Any CPU
		{4D17507C-6002-49C6-976C-649588A2677F}.Debug|Any CPU.Build.0 = Debug|Any CPU
		{4D17507C-6002-49C6-976C-649588A2677F}.Debug|x86.ActiveCfg = Debug|Any CPU
		{4D17507C-6002-49C6-976C-649588A2677F}.Debug|x86.Build.0 = Debug|Any CPU
		{4D17507C-6002-49C6-976C-649588A2677F}.Release|Any CPU.ActiveCfg = Release|Any CPU
		{4D17507C-6002-49C6-976C-649588A2677F}.Release|Any CPU.Build.0 = Release|Any CPU
		{4D17507C-6002-49C6-976C-649588A2677F}.Release|x86.ActiveCfg = Release|Any CPU
		{4D17507C-6002-49C6-976C-649588A2677F}.Release|x86.Build.0 = Release|Any CPU
		{40C5DA21-0DCD-4C78-8BC6-FD4EA79BF95B}.Debug|Any CPU.ActiveCfg = Debug|Any CPU
		{40C5DA21-0DCD-4C78-8BC6-FD4EA79BF95B}.Debug|Any CPU.Build.0 = Debug|Any CPU
		{40C5DA21-0DCD-4C78-8BC6-FD4EA79BF95B}.Debug|x86.ActiveCfg = Debug|Any CPU
		{40C5DA21-0DCD-4C78-8BC6-FD4EA79BF95B}.Debug|x86.Build.0 = Debug|Any CPU
		{40C5DA21-0DCD-4C78-8BC6-FD4EA79BF95B}.Release|Any CPU.ActiveCfg = Release|Any CPU
		{40C5DA21-0DCD-4C78-8BC6-FD4EA79BF95B}.Release|Any CPU.Build.0 = Release|Any CPU
		{40C5DA21-0DCD-4C78-8BC6-FD4EA79BF95B}.Release|x86.ActiveCfg = Release|Any CPU
		{40C5DA21-0DCD-4C78-8BC6-FD4EA79BF95B}.Release|x86.Build.0 = Release|Any CPU
		{C5014F71-D775-4A5D-91D4-7A7DC6B2371B}.Debug|Any CPU.ActiveCfg = Debug|Any CPU
		{C5014F71-D775-4A5D-91D4-7A7DC6B2371B}.Debug|Any CPU.Build.0 = Debug|Any CPU
		{C5014F71-D775-4A5D-91D4-7A7DC6B2371B}.Debug|x86.ActiveCfg = Debug|Any CPU
		{C5014F71-D775-4A5D-91D4-7A7DC6B2371B}.Debug|x86.Build.0 = Debug|Any CPU
		{C5014F71-D775-4A5D-91D4-7A7DC6B2371B}.Release|Any CPU.ActiveCfg = Release|Any CPU
		{C5014F71-D775-4A5D-91D4-7A7DC6B2371B}.Release|Any CPU.Build.0 = Release|Any CPU
		{C5014F71-D775-4A5D-91D4-7A7DC6B2371B}.Release|x86.ActiveCfg = Release|Any CPU
		{C5014F71-D775-4A5D-91D4-7A7DC6B2371B}.Release|x86.Build.0 = Release|Any CPU
		{1E076754-7EFE-4264-81FB-C826AD62E112}.Debug|Any CPU.ActiveCfg = Debug|Any CPU
		{1E076754-7EFE-4264-81FB-C826AD62E112}.Debug|Any CPU.Build.0 = Debug|Any CPU
		{1E076754-7EFE-4264-81FB-C826AD62E112}.Debug|x86.ActiveCfg = Debug|Any CPU
		{1E076754-7EFE-4264-81FB-C826AD62E112}.Debug|x86.Build.0 = Debug|Any CPU
		{1E076754-7EFE-4264-81FB-C826AD62E112}.Release|Any CPU.ActiveCfg = Release|Any CPU
		{1E076754-7EFE-4264-81FB-C826AD62E112}.Release|Any CPU.Build.0 = Release|Any CPU
		{1E076754-7EFE-4264-81FB-C826AD62E112}.Release|x86.ActiveCfg = Release|Any CPU
		{1E076754-7EFE-4264-81FB-C826AD62E112}.Release|x86.Build.0 = Release|Any CPU
		{93020530-3581-4B5B-ACC3-923835ADFFFE}.Debug|Any CPU.ActiveCfg = Debug|x86
		{93020530-3581-4B5B-ACC3-923835ADFFFE}.Debug|x86.ActiveCfg = Debug|x86
		{93020530-3581-4B5B-ACC3-923835ADFFFE}.Debug|x86.Build.0 = Debug|x86
		{93020530-3581-4B5B-ACC3-923835ADFFFE}.Release|Any CPU.ActiveCfg = Release|x86
		{93020530-3581-4B5B-ACC3-923835ADFFFE}.Release|x86.ActiveCfg = Release|x86
		{93020530-3581-4B5B-ACC3-923835ADFFFE}.Release|x86.Build.0 = Release|x86
		{F973E78D-F0C6-4B01-96AE-E4527524B2C2}.Debug|Any CPU.ActiveCfg = Debug|Any CPU
		{F973E78D-F0C6-4B01-96AE-E4527524B2C2}.Debug|Any CPU.Build.0 = Debug|Any CPU
		{F973E78D-F0C6-4B01-96AE-E4527524B2C2}.Debug|x86.ActiveCfg = Debug|Any CPU
		{F973E78D-F0C6-4B01-96AE-E4527524B2C2}.Debug|x86.Build.0 = Debug|Any CPU
		{F973E78D-F0C6-4B01-96AE-E4527524B2C2}.Release|Any CPU.ActiveCfg = Release|Any CPU
		{F973E78D-F0C6-4B01-96AE-E4527524B2C2}.Release|Any CPU.Build.0 = Release|Any CPU
		{F973E78D-F0C6-4B01-96AE-E4527524B2C2}.Release|x86.ActiveCfg = Release|Any CPU
		{F973E78D-F0C6-4B01-96AE-E4527524B2C2}.Release|x86.Build.0 = Release|Any CPU
		{F4C9C739-E3B1-4D7F-AD00-696A86962DB6}.Debug|Any CPU.ActiveCfg = Debug|Any CPU
		{F4C9C739-E3B1-4D7F-AD00-696A86962DB6}.Debug|Any CPU.Build.0 = Debug|Any CPU
		{F4C9C739-E3B1-4D7F-AD00-696A86962DB6}.Debug|x86.ActiveCfg = Debug|Any CPU
		{F4C9C739-E3B1-4D7F-AD00-696A86962DB6}.Debug|x86.Build.0 = Debug|Any CPU
		{F4C9C739-E3B1-4D7F-AD00-696A86962DB6}.Release|Any CPU.ActiveCfg = Release|Any CPU
		{F4C9C739-E3B1-4D7F-AD00-696A86962DB6}.Release|Any CPU.Build.0 = Release|Any CPU
		{F4C9C739-E3B1-4D7F-AD00-696A86962DB6}.Release|x86.ActiveCfg = Release|Any CPU
		{F4C9C739-E3B1-4D7F-AD00-696A86962DB6}.Release|x86.Build.0 = Release|Any CPU
		{0DB1CBC1-CC98-41CE-AFED-8FA59196F06E}.Debug|Any CPU.ActiveCfg = Debug|Any CPU
		{0DB1CBC1-CC98-41CE-AFED-8FA59196F06E}.Debug|Any CPU.Build.0 = Debug|Any CPU
		{0DB1CBC1-CC98-41CE-AFED-8FA59196F06E}.Debug|x86.ActiveCfg = Debug|Any CPU
		{0DB1CBC1-CC98-41CE-AFED-8FA59196F06E}.Debug|x86.Build.0 = Debug|Any CPU
		{0DB1CBC1-CC98-41CE-AFED-8FA59196F06E}.Release|Any CPU.ActiveCfg = Release|Any CPU
		{0DB1CBC1-CC98-41CE-AFED-8FA59196F06E}.Release|Any CPU.Build.0 = Release|Any CPU
		{0DB1CBC1-CC98-41CE-AFED-8FA59196F06E}.Release|x86.ActiveCfg = Release|Any CPU
		{0DB1CBC1-CC98-41CE-AFED-8FA59196F06E}.Release|x86.Build.0 = Release|Any CPU
	EndGlobalSection
	GlobalSection(SolutionProperties) = preSolution
		HideSolutionNode = FALSE
	EndGlobalSection
	GlobalSection(ExtensibilityGlobals) = postSolution
		SolutionGuid = {41348C51-030E-4A48-87EE-7E6D889A8548}
	EndGlobalSection
EndGlobal
