
Microsoft Visual Studio Solution File, Format Version 12.00
# Visual Studio Version 16
VisualStudioVersion = 16.0.33214.272
MinimumVisualStudioVersion = 10.0.40219.1
Project("{FAE04EC0-301F-11D3-BF4B-00C04F79EFBC}") = "GMapDemo", "GMapDemo\GMapDemo.csproj", "{4B3626CF-56CD-49D5-9324-6EF8024FCE25}"
EndProject
Project("{FAE04EC0-301F-11D3-BF4B-00C04F79EFBC}") = "BingMapDemo", "BingMapDemo\BingMapDemo.csproj", "{EE38DA96-D1A3-4DF6-B56B-7D545E67F703}"
EndProject
Project("{FAE04EC0-301F-11D3-BF4B-00C04F79EFBC}") = "FaceDetectionDemo", "FaceDetectionDemo\FaceDetectionDemo.csproj", "{92138803-D909-4134-A054-D5E877851E38}"
EndProject
Project("{FAE04EC0-301F-11D3-BF4B-00C04F79EFBC}") = "3DDemo", "3DDemo\3DDemo.csproj", "{0CD07C7B-37FF-4E9F-839B-ABF569D752F6}"
EndProject
Project("{FAE04EC0-301F-11D3-BF4B-00C04F79EFBC}") = "3DSimpleDemo", "3DSimpleDemo\3DSimpleDemo.csproj", "{879B4DFA-0287-461A-820F-65F983A33567}"
EndProject
Project("{FAE04EC0-301F-11D3-BF4B-00C04F79EFBC}") = "3DCoreWpfDemo", "3DCoreWpfDemo\3DCoreWpfDemo.csproj", "{08EAFDB9-C595-444E-B31A-E20970943F86}"
EndProject
Project("{FAE04EC0-301F-11D3-BF4B-00C04F79EFBC}") = "OpenCvDemo", "OpenCvDemo\OpenCvDemo.csproj", "{7C7E3F53-04F0-4F29-93B8-045A184AA21F}"
EndProject
Global
	GlobalSection(SolutionConfigurationPlatforms) = preSolution
		Debug|Any CPU = Debug|Any CPU
		Release|Any CPU = Release|Any CPU
	EndGlobalSection
	GlobalSection(ProjectConfigurationPlatforms) = postSolution
		{4B3626CF-56CD-49D5-9324-6EF8024FCE25}.Debug|Any CPU.ActiveCfg = Debug|Any CPU
		{4B3626CF-56CD-49D5-9324-6EF8024FCE25}.Debug|Any CPU.Build.0 = Debug|Any CPU
		{4B3626CF-56CD-49D5-9324-6EF8024FCE25}.Release|Any CPU.ActiveCfg = Release|Any CPU
		{4B3626CF-56CD-49D5-9324-6EF8024FCE25}.Release|Any CPU.Build.0 = Release|Any CPU
		{EE38DA96-D1A3-4DF6-B56B-7D545E67F703}.Debug|Any CPU.ActiveCfg = Debug|Any CPU
		{EE38DA96-D1A3-4DF6-B56B-7D545E67F703}.Debug|Any CPU.Build.0 = Debug|Any CPU
		{EE38DA96-D1A3-4DF6-B56B-7D545E67F703}.Release|Any CPU.ActiveCfg = Release|Any CPU
		{EE38DA96-D1A3-4DF6-B56B-7D545E67F703}.Release|Any CPU.Build.0 = Release|Any CPU
		{92138803-D909-4134-A054-D5E877851E38}.Debug|Any CPU.ActiveCfg = Debug|Any CPU
		{92138803-D909-4134-A054-D5E877851E38}.Debug|Any CPU.Build.0 = Debug|Any CPU
		{92138803-D909-4134-A054-D5E877851E38}.Release|Any CPU.ActiveCfg = Release|Any CPU
		{92138803-D909-4134-A054-D5E877851E38}.Release|Any CPU.Build.0 = Release|Any CPU
		{0CD07C7B-37FF-4E9F-839B-ABF569D752F6}.Debug|Any CPU.ActiveCfg = Debug|Any CPU
		{0CD07C7B-37FF-4E9F-839B-ABF569D752F6}.Debug|Any CPU.Build.0 = Debug|Any CPU
		{0CD07C7B-37FF-4E9F-839B-ABF569D752F6}.Release|Any CPU.ActiveCfg = Release|Any CPU
		{0CD07C7B-37FF-4E9F-839B-ABF569D752F6}.Release|Any CPU.Build.0 = Release|Any CPU
		{879B4DFA-0287-461A-820F-65F983A33567}.Debug|Any CPU.ActiveCfg = Debug|Any CPU
		{879B4DFA-0287-461A-820F-65F983A33567}.Debug|Any CPU.Build.0 = Debug|Any CPU
		{879B4DFA-0287-461A-820F-65F983A33567}.Release|Any CPU.ActiveCfg = Release|Any CPU
		{879B4DFA-0287-461A-820F-65F983A33567}.Release|Any CPU.Build.0 = Release|Any CPU
		{08EAFDB9-C595-444E-B31A-E20970943F86}.Debug|Any CPU.ActiveCfg = Debug|Any CPU
		{08EAFDB9-C595-444E-B31A-E20970943F86}.Debug|Any CPU.Build.0 = Debug|Any CPU
		{08EAFDB9-C595-444E-B31A-E20970943F86}.Release|Any CPU.ActiveCfg = Release|Any CPU
		{08EAFDB9-C595-444E-B31A-E20970943F86}.Release|Any CPU.Build.0 = Release|Any CPU
		{7C7E3F53-04F0-4F29-93B8-045A184AA21F}.Debug|Any CPU.ActiveCfg = Debug|Any CPU
		{7C7E3F53-04F0-4F29-93B8-045A184AA21F}.Debug|Any CPU.Build.0 = Debug|Any CPU
		{7C7E3F53-04F0-4F29-93B8-045A184AA21F}.Release|Any CPU.ActiveCfg = Release|Any CPU
		{7C7E3F53-04F0-4F29-93B8-045A184AA21F}.Release|Any CPU.Build.0 = Release|Any CPU
	EndGlobalSection
	GlobalSection(SolutionProperties) = preSolution
		HideSolutionNode = FALSE
	EndGlobalSection
	GlobalSection(ExtensibilityGlobals) = postSolution
		SolutionGuid = {41348C51-030E-4A48-87EE-7E6D889A8548}
	EndGlobalSection
EndGlobal
